
Microsoft Visual Studio Solution File, Format Version 12.00
# Visual Studio Version 17
VisualStudioVersion = 17.3.32922.545
MinimumVisualStudioVersion = 10.0.40219.1
Project("{FAE04EC0-301F-11D3-BF4B-00C04F79EFBC}") = "EnumTask", "EnumTask\EnumTask.csproj", "{7D85F4C3-B8F6-4553-9C86-ABD984E26CAC}"
EndProject
Global
	GlobalSection(SolutionConfigurationPlatforms) = preSolution
		Debug|Any CPU = Debug|Any CPU
		Release|Any CPU = Release|Any CPU
	EndGlobalSection
	GlobalSection(ProjectConfigurationPlatforms) = postSolution
		{7D85F4C3-B8F6-4553-9C86-ABD984E26CAC}.Debug|Any CPU.ActiveCfg = Debug|Any CPU
		{7D85F4C3-B8F6-4553-9C86-ABD984E26CAC}.Debug|Any CPU.Build.0 = Debug|Any CPU
		{7D85F4C3-B8F6-4553-9C86-ABD984E26CAC}.Release|Any CPU.ActiveCfg = Release|Any CPU
		{7D85F4C3-B8F6-4553-9C86-ABD984E26CAC}.Release|Any CPU.Build.0 = Release|Any CPU
	EndGlobalSection
	GlobalSection(SolutionProperties) = preSolution
		HideSolutionNode = FALSE
	EndGlobalSection
	GlobalSection(ExtensibilityGlobals) = postSolution
		SolutionGuid = {D02BD49A-F552-4554-98C8-6E89A1044AA8}
	EndGlobalSection
EndGlobal
