
Microsoft Visual Studio Solution File, Format Version 12.00
# Visual Studio Version 17
VisualStudioVersion = 17.3.32922.545
MinimumVisualStudioVersion = 10.0.40219.1
Project("{FAE04EC0-301F-11D3-BF4B-00C04F79EFBC}") = "ConvertorApp", "ConvertorApp\ConvertorApp.csproj", "{F8FC5D39-C6D1-4EEF-A434-B83AEA3FAAF7}"
EndProject
Global
	GlobalSection(SolutionConfigurationPlatforms) = preSolution
		Debug|Any CPU = Debug|Any CPU
		Release|Any CPU = Release|Any CPU
	EndGlobalSection
	GlobalSection(ProjectConfigurationPlatforms) = postSolution
		{F8FC5D39-C6D1-4EEF-A434-B83AEA3FAAF7}.Debug|Any CPU.ActiveCfg = Debug|Any CPU
		{F8FC5D39-C6D1-4EEF-A434-B83AEA3FAAF7}.Debug|Any CPU.Build.0 = Debug|Any CPU
		{F8FC5D39-C6D1-4EEF-A434-B83AEA3FAAF7}.Release|Any CPU.ActiveCfg = Release|Any CPU
		{F8FC5D39-C6D1-4EEF-A434-B83AEA3FAAF7}.Release|Any CPU.Build.0 = Release|Any CPU
	EndGlobalSection
	GlobalSection(SolutionProperties) = preSolution
		HideSolutionNode = FALSE
	EndGlobalSection
	GlobalSection(ExtensibilityGlobals) = postSolution
		SolutionGuid = {0470322F-F543-4389-B10F-A030619DCA06}
	EndGlobalSection
EndGlobal
