
Microsoft Visual Studio Solution File, Format Version 12.00
# Visual Studio Version 17
VisualStudioVersion = 17.3.32922.545
MinimumVisualStudioVersion = 10.0.40219.1
Project("{FAE04EC0-301F-11D3-BF4B-00C04F79EFBC}") = "EntityTask", "EntityTask\EntityTask.csproj", "{AF4351AC-2386-41E8-89D4-5C588F58DB91}"
EndProject
Global
	GlobalSection(SolutionConfigurationPlatforms) = preSolution
		Debug|Any CPU = Debug|Any CPU
		Release|Any CPU = Release|Any CPU
	EndGlobalSection
	GlobalSection(ProjectConfigurationPlatforms) = postSolution
		{AF4351AC-2386-41E8-89D4-5C588F58DB91}.Debug|Any CPU.ActiveCfg = Debug|Any CPU
		{AF4351AC-2386-41E8-89D4-5C588F58DB91}.Debug|Any CPU.Build.0 = Debug|Any CPU
		{AF4351AC-2386-41E8-89D4-5C588F58DB91}.Release|Any CPU.ActiveCfg = Release|Any CPU
		{AF4351AC-2386-41E8-89D4-5C588F58DB91}.Release|Any CPU.Build.0 = Release|Any CPU
	EndGlobalSection
	GlobalSection(SolutionProperties) = preSolution
		HideSolutionNode = FALSE
	EndGlobalSection
	GlobalSection(ExtensibilityGlobals) = postSolution
		SolutionGuid = {34A583ED-AB48-4B06-9EF0-28B0174F0353}
	EndGlobalSection
EndGlobal
