
Microsoft Visual Studio Solution File, Format Version 12.00
# Visual Studio Version 17
VisualStudioVersion = 17.3.32922.545
MinimumVisualStudioVersion = 10.0.40219.1
Project("{FAE04EC0-301F-11D3-BF4B-00C04F79EFBC}") = "Priona", "Priona\Priona.csproj", "{4B6B80B3-A9C5-4997-B532-CC548E153218}"
EndProject
Project("{FAE04EC0-301F-11D3-BF4B-00C04F79EFBC}") = "Priona.Business", "Priona.Business\Priona.Business.csproj", "{D92E6EDE-4649-4330-BAD1-1BE4553A034B}"
EndProject
Project("{FAE04EC0-301F-11D3-BF4B-00C04F79EFBC}") = "Priona.DAL", "Priona.DAL\Priona.DAL.csproj", "{12D0BEE1-65AF-4F55-8B31-F66CF23F0D88}"
EndProject
Project("{FAE04EC0-301F-11D3-BF4B-00C04F79EFBC}") = "Priona.Core", "Priona.Core\Priona.Core.csproj", "{4EE580C6-F88F-446B-B7AA-6D319FFB66B3}"
EndProject
Global
	GlobalSection(SolutionConfigurationPlatforms) = preSolution
		Debug|Any CPU = Debug|Any CPU
		Release|Any CPU = Release|Any CPU
	EndGlobalSection
	GlobalSection(ProjectConfigurationPlatforms) = postSolution
		{4B6B80B3-A9C5-4997-B532-CC548E153218}.Debug|Any CPU.ActiveCfg = Debug|Any CPU
		{4B6B80B3-A9C5-4997-B532-CC548E153218}.Debug|Any CPU.Build.0 = Debug|Any CPU
		{4B6B80B3-A9C5-4997-B532-CC548E153218}.Release|Any CPU.ActiveCfg = Release|Any CPU
		{4B6B80B3-A9C5-4997-B532-CC548E153218}.Release|Any CPU.Build.0 = Release|Any CPU
		{D92E6EDE-4649-4330-BAD1-1BE4553A034B}.Debug|Any CPU.ActiveCfg = Debug|Any CPU
		{D92E6EDE-4649-4330-BAD1-1BE4553A034B}.Debug|Any CPU.Build.0 = Debug|Any CPU
		{D92E6EDE-4649-4330-BAD1-1BE4553A034B}.Release|Any CPU.ActiveCfg = Release|Any CPU
		{D92E6EDE-4649-4330-BAD1-1BE4553A034B}.Release|Any CPU.Build.0 = Release|Any CPU
		{12D0BEE1-65AF-4F55-8B31-F66CF23F0D88}.Debug|Any CPU.ActiveCfg = Debug|Any CPU
		{12D0BEE1-65AF-4F55-8B31-F66CF23F0D88}.Debug|Any CPU.Build.0 = Debug|Any CPU
		{12D0BEE1-65AF-4F55-8B31-F66CF23F0D88}.Release|Any CPU.ActiveCfg = Release|Any CPU
		{12D0BEE1-65AF-4F55-8B31-F66CF23F0D88}.Release|Any CPU.Build.0 = Release|Any CPU
		{4EE580C6-F88F-446B-B7AA-6D319FFB66B3}.Debug|Any CPU.ActiveCfg = Debug|Any CPU
		{4EE580C6-F88F-446B-B7AA-6D319FFB66B3}.Debug|Any CPU.Build.0 = Debug|Any CPU
		{4EE580C6-F88F-446B-B7AA-6D319FFB66B3}.Release|Any CPU.ActiveCfg = Release|Any CPU
		{4EE580C6-F88F-446B-B7AA-6D319FFB66B3}.Release|Any CPU.Build.0 = Release|Any CPU
	EndGlobalSection
	GlobalSection(SolutionProperties) = preSolution
		HideSolutionNode = FALSE
	EndGlobalSection
	GlobalSection(ExtensibilityGlobals) = postSolution
		SolutionGuid = {7B5C5F9A-BC54-487F-97D8-9D416DC7C4D5}
	EndGlobalSection
EndGlobal
