
Microsoft Visual Studio Solution File, Format Version 12.00
# Visual Studio Version 17
VisualStudioVersion = 17.3.32922.545
MinimumVisualStudioVersion = 10.0.40219.1
Project("{FAE04EC0-301F-11D3-BF4B-00C04F79EFBC}") = "PhoneTask", "PhoneTask\PhoneTask.csproj", "{6DDCBEED-A5C6-4D4E-8078-A7344A815FA5}"
EndProject
Global
	GlobalSection(SolutionConfigurationPlatforms) = preSolution
		Debug|Any CPU = Debug|Any CPU
		Release|Any CPU = Release|Any CPU
	EndGlobalSection
	GlobalSection(ProjectConfigurationPlatforms) = postSolution
		{6DDCBEED-A5C6-4D4E-8078-A7344A815FA5}.Debug|Any CPU.ActiveCfg = Debug|Any CPU
		{6DDCBEED-A5C6-4D4E-8078-A7344A815FA5}.Debug|Any CPU.Build.0 = Debug|Any CPU
		{6DDCBEED-A5C6-4D4E-8078-A7344A815FA5}.Release|Any CPU.ActiveCfg = Release|Any CPU
		{6DDCBEED-A5C6-4D4E-8078-A7344A815FA5}.Release|Any CPU.Build.0 = Release|Any CPU
	EndGlobalSection
	GlobalSection(SolutionProperties) = preSolution
		HideSolutionNode = FALSE
	EndGlobalSection
	GlobalSection(ExtensibilityGlobals) = postSolution
		SolutionGuid = {057733E9-594D-4549-966D-6B3D1EEB2B3C}
	EndGlobalSection
EndGlobal
