
Microsoft Visual Studio Solution File, Format Version 12.00
# Visual Studio Version 17
VisualStudioVersion = 17.5.33414.496
MinimumVisualStudioVersion = 10.0.40219.1
Project("{FAE04EC0-301F-11D3-BF4B-00C04F79EFBC}") = "DianaTemp", "DianaTemp.csproj", "{68CE3131-F263-4432-A08F-952AEE393331}"
EndProject
Global
	GlobalSection(SolutionConfigurationPlatforms) = preSolution
		Debug|Any CPU = Debug|Any CPU
		Release|Any CPU = Release|Any CPU
	EndGlobalSection
	GlobalSection(ProjectConfigurationPlatforms) = postSolution
		{68CE3131-F263-4432-A08F-952AEE393331}.Debug|Any CPU.ActiveCfg = Debug|Any CPU
		{68CE3131-F263-4432-A08F-952AEE393331}.Debug|Any CPU.Build.0 = Debug|Any CPU
		{68CE3131-F263-4432-A08F-952AEE393331}.Release|Any CPU.ActiveCfg = Release|Any CPU
		{68CE3131-F263-4432-A08F-952AEE393331}.Release|Any CPU.Build.0 = Release|Any CPU
	EndGlobalSection
	GlobalSection(SolutionProperties) = preSolution
		HideSolutionNode = FALSE
	EndGlobalSection
	GlobalSection(ExtensibilityGlobals) = postSolution
		SolutionGuid = {CE62D9F5-3845-45A8-B8A2-C82B315D2902}
	EndGlobalSection
EndGlobal
